
Microsoft Visual Studio Solution File, Format Version 12.00
# Visual Studio Version 17
VisualStudioVersion = 17.2.32630.192
MinimumVisualStudioVersion = 10.0.40219.1
Project("{FAE04EC0-301F-11D3-BF4B-00C04F79EFBC}") = "Homework01.SEP212", "Homework01.SEP212\Homework01.SEP212.csproj", "{4C246C7C-D2C0-4ACA-B782-63833EB0823C}"
EndProject
Global
	GlobalSection(SolutionConfigurationPlatforms) = preSolution
		Debug|Any CPU = Debug|Any CPU
		Release|Any CPU = Release|Any CPU
	EndGlobalSection
	GlobalSection(ProjectConfigurationPlatforms) = postSolution
		{4C246C7C-D2C0-4ACA-B782-63833EB0823C}.Debug|Any CPU.ActiveCfg = Debug|Any CPU
		{4C246C7C-D2C0-4ACA-B782-63833EB0823C}.Debug|Any CPU.Build.0 = Debug|Any CPU
		{4C246C7C-D2C0-4ACA-B782-63833EB0823C}.Release|Any CPU.ActiveCfg = Release|Any CPU
		{4C246C7C-D2C0-4ACA-B782-63833EB0823C}.Release|Any CPU.Build.0 = Release|Any CPU
	EndGlobalSection
	GlobalSection(SolutionProperties) = preSolution
		HideSolutionNode = FALSE
	EndGlobalSection
	GlobalSection(ExtensibilityGlobals) = postSolution
		SolutionGuid = {1C5875EB-6569-427E-BD18-24AA335D9EB7}
	EndGlobalSection
EndGlobal
